{
    "_meta": {
        "hash": {
            "sha256": "97883e9ac9ba38fa8d209a4044b24fd1d9b3008448e9235fc9e9b19c79434759"
        },
        "pipfile-spec": 6,
        "requires": {
            "python_version": "3.6"
        },
        "sources": [
            {
                "name": "pypi",
                "url": "https://pypi.org/simple",
                "verify_ssl": true
            }
        ]
    },
    "default": {
        "xlsxwriter": {
            "hashes": [
                "sha256:07e38c73b687e2f867151adce821e43e02856c4d8c6e482807b6ea7f4ac9506c",
                "sha256:730c1d9a1079c9ca9aa55c7acc068d5321248cc5d22e8783443e457cde970409"
            ],
            "index": "pypi",
            "version": "==1.1.4"
        }
    },
    "develop": {}
}
